{
  "name": "joeclorg",
  "version": "1.0.0",
  "lockfileVersion": 3,
  "requires": true,
  "packages": {
    "": {
      "name": "joeclorg",
      "version": "1.0.0",
      "license": "ISC",
      "dependencies": {
        "gl-matrix": "file:glMatrix.tar"
      }
    },
    "node_modules/gl-matrix": {
      "version": "3.4.0",
      "resolved": "file:glMatrix.tar",
      "integrity": "sha512-zpn00nWKUxl/cFQfEFjiAvyp769EDzjsIadwzuW8GmIJzvJqgWbwLHBQjZ6xhW6aRRWw/Y7psJ9sLKuBGOWApA==",
      "license": "MIT"
    }
  }
}
